
Microsoft Visual Studio Solution File, Format Version 12.00
# Visual Studio Version 16
VisualStudioVersion = 16.0.29728.190
MinimumVisualStudioVersion = 10.0.40219.1
Project("{FAE04EC0-301F-11D3-BF4B-00C04F79EFBC}") = "ConsoleApp1", "ConsoleApp1.csproj", "{EB157C0F-747B-4481-9534-C26123F2C838}"
EndProject
Global
	GlobalSection(SolutionConfigurationPlatforms) = preSolution
		Debug|Any CPU = Debug|Any CPU
		Release|Any CPU = Release|Any CPU
	EndGlobalSection
	GlobalSection(ProjectConfigurationPlatforms) = postSolution
		{EB157C0F-747B-4481-9534-C26123F2C838}.Debug|Any CPU.ActiveCfg = Debug|Any CPU
		{EB157C0F-747B-4481-9534-C26123F2C838}.Debug|Any CPU.Build.0 = Debug|Any CPU
		{EB157C0F-747B-4481-9534-C26123F2C838}.Release|Any CPU.ActiveCfg = Release|Any CPU
		{EB157C0F-747B-4481-9534-C26123F2C838}.Release|Any CPU.Build.0 = Release|Any CPU
	EndGlobalSection
	GlobalSection(SolutionProperties) = preSolution
		HideSolutionNode = FALSE
	EndGlobalSection
	GlobalSection(ExtensibilityGlobals) = postSolution
		SolutionGuid = {224FE993-8A78-4A4F-9376-27E30989982B}
	EndGlobalSection
EndGlobal
